
Microsoft Visual Studio Solution File, Format Version 12.00
# Visual Studio Version 17
VisualStudioVersion = 17.7.34221.43
MinimumVisualStudioVersion = 10.0.40219.1
Project("{9A19103F-16F7-4668-BE54-9A1E7A4F7556}") = "FindYourDisease.Comments", "FindYourDisease.Comments\FindYourDisease.Comments.csproj", "{E67CDF30-0B65-4186-944D-6803DA7C3DBB}"
EndProject
Project("{9A19103F-16F7-4668-BE54-9A1E7A4F7556}") = "FindYourDisease.Report", "FindYourDisease.Report\FindYourDisease.Report.csproj", "{52BABF8B-3B1C-4A86-A3EF-848422731E4D}"
EndProject
Project("{9A19103F-16F7-4668-BE54-9A1E7A4F7556}") = "FindYourDisease.Web", "FindYourDisease.Web\FindYourDisease.Web.csproj", "{36FA5E7D-0392-4A73-A7C7-0B8D57CA0252}"
EndProject
Project("{2150E333-8FDC-42A3-9474-1A3956D46DE8}") = "Users", "Users", "{039F9BB5-BC5E-4F69-9ED7-73F4B3060473}"
EndProject
Project("{9A19103F-16F7-4668-BE54-9A1E7A4F7556}") = "FindYourDisease.Users.Domain", "Users\FindYourDisease.Users.Domain\FindYourDisease.Users.Domain.csproj", "{FC4034E7-1FBE-419D-A3ED-07A92E8384AC}"
EndProject
Project("{9A19103F-16F7-4668-BE54-9A1E7A4F7556}") = "FindYourDisease.Users.API", "Users\FindYourDisease.Users.API\FindYourDisease.Users.API.csproj", "{A83D3D42-5145-4A36-B40B-D82F94EFE9C9}"
EndProject
Project("{9A19103F-16F7-4668-BE54-9A1E7A4F7556}") = "FindYourDisease.Users.Infra", "Users\FindYourDisease.Users.Infra\FindYourDisease.Users.Infra.csproj", "{4B2C997E-67D4-494F-9CCA-3B14A6D61BC2}"
EndProject
Project("{9A19103F-16F7-4668-BE54-9A1E7A4F7556}") = "FindYourDisease.Users.Application", "Users\FindYourDisease.Users.Application\FindYourDisease.Users.Application.csproj", "{17C22253-3E49-4FE9-9CD0-8CE693781B48}"
EndProject
Global
	GlobalSection(SolutionConfigurationPlatforms) = preSolution
		Debug|Any CPU = Debug|Any CPU
		Release|Any CPU = Release|Any CPU
	EndGlobalSection
	GlobalSection(ProjectConfigurationPlatforms) = postSolution
		{E67CDF30-0B65-4186-944D-6803DA7C3DBB}.Debug|Any CPU.ActiveCfg = Debug|Any CPU
		{E67CDF30-0B65-4186-944D-6803DA7C3DBB}.Debug|Any CPU.Build.0 = Debug|Any CPU
		{E67CDF30-0B65-4186-944D-6803DA7C3DBB}.Release|Any CPU.ActiveCfg = Release|Any CPU
		{E67CDF30-0B65-4186-944D-6803DA7C3DBB}.Release|Any CPU.Build.0 = Release|Any CPU
		{52BABF8B-3B1C-4A86-A3EF-848422731E4D}.Debug|Any CPU.ActiveCfg = Debug|Any CPU
		{52BABF8B-3B1C-4A86-A3EF-848422731E4D}.Debug|Any CPU.Build.0 = Debug|Any CPU
		{52BABF8B-3B1C-4A86-A3EF-848422731E4D}.Release|Any CPU.ActiveCfg = Release|Any CPU
		{52BABF8B-3B1C-4A86-A3EF-848422731E4D}.Release|Any CPU.Build.0 = Release|Any CPU
		{36FA5E7D-0392-4A73-A7C7-0B8D57CA0252}.Debug|Any CPU.ActiveCfg = Debug|Any CPU
		{36FA5E7D-0392-4A73-A7C7-0B8D57CA0252}.Debug|Any CPU.Build.0 = Debug|Any CPU
		{36FA5E7D-0392-4A73-A7C7-0B8D57CA0252}.Release|Any CPU.ActiveCfg = Release|Any CPU
		{36FA5E7D-0392-4A73-A7C7-0B8D57CA0252}.Release|Any CPU.Build.0 = Release|Any CPU
		{FC4034E7-1FBE-419D-A3ED-07A92E8384AC}.Debug|Any CPU.ActiveCfg = Debug|Any CPU
		{FC4034E7-1FBE-419D-A3ED-07A92E8384AC}.Debug|Any CPU.Build.0 = Debug|Any CPU
		{FC4034E7-1FBE-419D-A3ED-07A92E8384AC}.Release|Any CPU.ActiveCfg = Release|Any CPU
		{FC4034E7-1FBE-419D-A3ED-07A92E8384AC}.Release|Any CPU.Build.0 = Release|Any CPU
		{A83D3D42-5145-4A36-B40B-D82F94EFE9C9}.Debug|Any CPU.ActiveCfg = Debug|Any CPU
		{A83D3D42-5145-4A36-B40B-D82F94EFE9C9}.Debug|Any CPU.Build.0 = Debug|Any CPU
		{A83D3D42-5145-4A36-B40B-D82F94EFE9C9}.Release|Any CPU.ActiveCfg = Release|Any CPU
		{A83D3D42-5145-4A36-B40B-D82F94EFE9C9}.Release|Any CPU.Build.0 = Release|Any CPU
		{4B2C997E-67D4-494F-9CCA-3B14A6D61BC2}.Debug|Any CPU.ActiveCfg = Debug|Any CPU
		{4B2C997E-67D4-494F-9CCA-3B14A6D61BC2}.Debug|Any CPU.Build.0 = Debug|Any CPU
		{4B2C997E-67D4-494F-9CCA-3B14A6D61BC2}.Release|Any CPU.ActiveCfg = Release|Any CPU
		{4B2C997E-67D4-494F-9CCA-3B14A6D61BC2}.Release|Any CPU.Build.0 = Release|Any CPU
		{17C22253-3E49-4FE9-9CD0-8CE693781B48}.Debug|Any CPU.ActiveCfg = Debug|Any CPU
		{17C22253-3E49-4FE9-9CD0-8CE693781B48}.Debug|Any CPU.Build.0 = Debug|Any CPU
		{17C22253-3E49-4FE9-9CD0-8CE693781B48}.Release|Any CPU.ActiveCfg = Release|Any CPU
		{17C22253-3E49-4FE9-9CD0-8CE693781B48}.Release|Any CPU.Build.0 = Release|Any CPU
	EndGlobalSection
	GlobalSection(SolutionProperties) = preSolution
		HideSolutionNode = FALSE
	EndGlobalSection
	GlobalSection(NestedProjects) = preSolution
		{FC4034E7-1FBE-419D-A3ED-07A92E8384AC} = {039F9BB5-BC5E-4F69-9ED7-73F4B3060473}
		{A83D3D42-5145-4A36-B40B-D82F94EFE9C9} = {039F9BB5-BC5E-4F69-9ED7-73F4B3060473}
		{4B2C997E-67D4-494F-9CCA-3B14A6D61BC2} = {039F9BB5-BC5E-4F69-9ED7-73F4B3060473}
		{17C22253-3E49-4FE9-9CD0-8CE693781B48} = {039F9BB5-BC5E-4F69-9ED7-73F4B3060473}
	EndGlobalSection
	GlobalSection(ExtensibilityGlobals) = postSolution
		SolutionGuid = {316EBCAD-0C5D-4985-BEC5-6CCB3871257E}
	EndGlobalSection
EndGlobal
